// !$*UTF8*$!
{
	archiveVersion = 1;
	classes = {
	};
	objectVersion = 50;
	objects = {

/* Begin PBXBuildFile section */
		391BB19F2262583900C18D67 /* AppDelegate.swift in Sources */ = {isa = PBXBuildFile; fileRef = 391BB19E2262583900C18D67 /* AppDelegate.swift */; };
		391BB1A12262583900C18D67 /* ViewController.swift in Sources */ = {isa = PBXBuildFile; fileRef = 391BB1A02262583900C18D67 /* ViewController.swift */; };
		391BB1A42262583900C18D67 /* Main.storyboard in Resources */ = {isa = PBXBuildFile; fileRef = 391BB1A22262583900C18D67 /* Main.storyboard */; };
		391BB1A62262583A00C18D67 /* Assets.xcassets in Resources */ = {isa = PBXBuildFile; fileRef = 391BB1A52262583A00C18D67 /* Assets.xcassets */; };
		391BB1A92262583A00C18D67 /* LaunchScreen.storyboard in Resources */ = {isa = PBXBuildFile; fileRef = 391BB1A72262583A00C18D67 /* LaunchScreen.storyboard */; };
		391BB1B32262697900C18D67 /* IndicatorTableViewCell.swift in Sources */ = {isa = PBXBuildFile; fileRef = 391BB1B12262697900C18D67 /* IndicatorTableViewCell.swift */; };
/* End PBXBuildFile section */

/* Begin PBXFileReference section */
		391BB19B2262583900C18D67 /* TableViewLazyLoading.app */ = {isa = PBXFileReference; explicitFileType = wrapper.application; includeInIndex = 0; path = TableViewLazyLoading.app; sourceTree = BUILT_PRODUCTS_DIR; };
		391BB19E2262583900C18D67 /* AppDelegate.swift */ = {isa = PBXFileReference; lastKnownFileType = sourcecode.swift; path = AppDelegate.swift; sourceTree = "<group>"; };
		391BB1A02262583900C18D67 /* ViewController.swift */ = {isa = PBXFileReference; lastKnownFileType = sourcecode.swift; path = ViewController.swift; sourceTree = "<group>"; };
		391BB1A32262583900C18D67 /* Base */ = {isa = PBXFileReference; lastKnownFileType = file.storyboard; name = Base; path = Base.lproj/Main.storyboard; sourceTree = "<group>"; };
		391BB1A52262583A00C18D67 /* Assets.xcassets */ = {isa = PBXFileReference; lastKnownFileType = folder.assetcatalog; path = Assets.xcassets; sourceTree = "<group>"; };
		391BB1A82262583A00C18D67 /* Base */ = {isa = PBXFileReference; lastKnownFileType = file.storyboard; name = Base; path = Base.lproj/LaunchScreen.storyboard; sourceTree = "<group>"; };
		391BB1AA2262583A00C18D67 /* Info.plist */ = {isa = PBXFileReference; lastKnownFileType = text.plist.xml; path = Info.plist; sourceTree = "<group>"; };
		391BB1B12262697900C18D67 /* IndicatorTableViewCell.swift */ = {isa = PBXFileReference; lastKnownFileType = sourcecode.swift; path = IndicatorTableViewCell.swift; sourceTree = "<group>"; };
/* End PBXFileReference section */

/* Begin PBXFrameworksBuildPhase section */
		391BB1982262583900C18D67 /* Frameworks */ = {
			isa = PBXFrameworksBuildPhase;
			buildActionMask = 2147483647;
			files = (
			);
			runOnlyForDeploymentPostprocessing = 0;
		};
/* End PBXFrameworksBuildPhase section */

/* Begin PBXGroup section */
		391BB1922262583900C18D67 = {
			isa = PBXGroup;
			children = (
				391BB19D2262583900C18D67 /* TableViewLazyLoading */,
				391BB19C2262583900C18D67 /* Products */,
			);
			sourceTree = "<group>";
		};
		391BB19C2262583900C18D67 /* Products */ = {
			isa = PBXGroup;
			children = (
				391BB19B2262583900C18D67 /* TableViewLazyLoading.app */,
			);
			name = Products;
			sourceTree = "<group>";
		};
		391BB19D2262583900C18D67 /* TableViewLazyLoading */ = {
			isa = PBXGroup;
			children = (
				391BB1B02262695900C18D67 /* IndicatorCell */,
				391BB19E2262583900C18D67 /* AppDelegate.swift */,
				391BB1A02262583900C18D67 /* ViewController.swift */,
				391BB1A22262583900C18D67 /* Main.storyboard */,
				391BB1A52262583A00C18D67 /* Assets.xcassets */,
				391BB1A72262583A00C18D67 /* LaunchScreen.storyboard */,
				391BB1AA2262583A00C18D67 /* Info.plist */,
			);
			path = TableViewLazyLoading;
			sourceTree = "<group>";
		};
		391BB1B02262695900C18D67 /* IndicatorCell */ = {
			isa = PBXGroup;
			children = (
				391BB1B12262697900C18D67 /* IndicatorTableViewCell.swift */,
			);
			path = IndicatorCell;
			sourceTree = "<group>";
		};
/* End PBXGroup section */

/* Begin PBXNativeTarget section */
		391BB19A2262583900C18D67 /* TableViewLazyLoading */ = {
			isa = PBXNativeTarget;
			buildConfigurationList = 391BB1AD2262583A00C18D67 /* Build configuration list for PBXNativeTarget "TableViewLazyLoading" */;
			buildPhases = (
				391BB1972262583900C18D67 /* Sources */,
				391BB1982262583900C18D67 /* Frameworks */,
				391BB1992262583900C18D67 /* Resources */,
			);
			buildRules = (
			);
			dependencies = (
			);
			name = TableViewLazyLoading;
			productName = TableViewLazyLoading;
			productReference = 391BB19B2262583900C18D67 /* TableViewLazyLoading.app */;
			productType = "com.apple.product-type.application";
		};
/* End PBXNativeTarget section */

/* Begin PBXProject section */
		391BB1932262583900C18D67 /* Project object */ = {
			isa = PBXProject;
			attributes = {
				LastSwiftUpdateCheck = 1010;
				LastUpgradeCheck = 1010;
				ORGANIZATIONNAME = "Berdil İlyada Karacam";
				TargetAttributes = {
					391BB19A2262583900C18D67 = {
						CreatedOnToolsVersion = 10.1;
					};
				};
			};
			buildConfigurationList = 391BB1962262583900C18D67 /* Build configuration list for PBXProject "TableViewLazyLoading" */;
			compatibilityVersion = "Xcode 9.3";
			developmentRegion = en;
			hasScannedForEncodings = 0;
			knownRegions = (
				en,
				Base,
			);
			mainGroup = 391BB1922262583900C18D67;
			productRefGroup = 391BB19C2262583900C18D67 /* Products */;
			projectDirPath = "";
			projectRoot = "";
			targets = (
				391BB19A2262583900C18D67 /* TableViewLazyLoading */,
			);
		};
/* End PBXProject section */

/* Begin PBXResourcesBuildPhase section */
		391BB1992262583900C18D67 /* Resources */ = {
			isa = PBXResourcesBuildPhase;
			buildActionMask = 2147483647;
			files = (
				391BB1A92262583A00C18D67 /* LaunchScreen.storyboard in Resources */,
				391BB1A62262583A00C18D67 /* Assets.xcassets in Resources */,
				391BB1A42262583900C18D67 /* Main.storyboard in Resources */,
			);
			runOnlyForDeploymentPostprocessing = 0;
		};
/* End PBXResourcesBuildPhase section */

/* Begin PBXSourcesBuildPhase section */
		391BB1972262583900C18D67 /* Sources */ = {
			isa = PBXSourcesBuildPhase;
			buildActionMask = 2147483647;
			files = (
				391BB1A12262583900C18D67 /* ViewController.swift in Sources */,
				391BB19F2262583900C18D67 /* AppDelegate.swift in Sources */,
				391BB1B32262697900C18D67 /* IndicatorTableViewCell.swift in Sources */,
			);
			runOnlyForDeploymentPostprocessing = 0;
		};
/* End PBXSourcesBuildPhase section */

/* Begin PBXVariantGroup section */
		391BB1A22262583900C18D67 /* Main.storyboard */ = {
			isa = PBXVariantGroup;
			children = (
				391BB1A32262583900C18D67 /* Base */,
			);
			name = Main.storyboard;
			sourceTree = "<group>";
		};
		391BB1A72262583A00C18D67 /* LaunchScreen.storyboard */ = {
			isa = PBXVariantGroup;
			children = (
				391BB1A82262583A00C18D67 /* Base */,
			);
			name = LaunchScreen.storyboard;
			sourceTree = "<group>";
		};
/* End PBXVariantGroup section */

/* Begin XCBuildConfiguration section */
		391BB1AB2262583A00C18D67 /* Debug */ = {
			isa = XCBuildConfiguration;
			buildSettings = {
				ALWAYS_SEARCH_USER_PATHS = NO;
				CLANG_ANALYZER_NONNULL = YES;
				CLANG_ANALYZER_NUMBER_OBJECT_CONVERSION = YES_AGGRESSIVE;
				CLANG_CXX_LANGUAGE_STANDARD = "gnu++14";
				CLANG_CXX_LIBRARY = "libc++";
				CLANG_ENABLE_MODULES = YES;
				CLANG_ENABLE_OBJC_ARC = YES;
				CLANG_ENABLE_OBJC_WEAK = YES;
				CLANG_WARN_BLOCK_CAPTURE_AUTORELEASING = YES;
				CLANG_WARN_BOOL_CONVERSION = YES;
				CLANG_WARN_COMMA = YES;
				CLANG_WARN_CONSTANT_CONVERSION = YES;
				CLANG_WARN_DEPRECATED_OBJC_IMPLEMENTATIONS = YES;
				CLANG_WARN_DIRECT_OBJC_ISA_USAGE = YES_ERROR;
				CLANG_WARN_DOCUMENTATION_COMMENTS = YES;
				CLANG_WARN_EMPTY_BODY = YES;
				CLANG_WARN_ENUM_CONVERSION = YES;
				CLANG_WARN_INFINITE_RECURSION = YES;
				CLANG_WARN_INT_CONVERSION = YES;
				CLANG_WARN_NON_LITERAL_NULL_CONVERSION = YES;
				CLANG_WARN_OBJC_IMPLICIT_RETAIN_SELF = YES;
				CLANG_WARN_OBJC_LITERAL_CONVERSION = YES;
				CLANG_WARN_OBJC_ROOT_CLASS = YES_ERROR;
				CLANG_WARN_RANGE_LOOP_ANALYSIS = YES;
				CLANG_WARN_STRICT_PROTOTYPES = YES;
				CLANG_WARN_SUSPICIOUS_MOVE = YES;
				CLANG_WARN_UNGUARDED_AVAILABILITY = YES_AGGRESSIVE;
				CLANG_WARN_UNREACHABLE_CODE = YES;
				CLANG_WARN__DUPLICATE_METHOD_MATCH = YES;
				CODE_SIGN_IDENTITY = "iPhone Developer";
				COPY_PHASE_STRIP = NO;
				DEBUG_INFORMATION_FORMAT = dwarf;
				ENABLE_STRICT_OBJC_MSGSEND = YES;
				ENABLE_TESTABILITY = YES;
				GCC_C_LANGUAGE_STANDARD = gnu11;
				GCC_DYNAMIC_NO_PIC = NO;
				GCC_NO_COMMON_BLOCKS = YES;
				GCC_OPTIMIZATION_LEVEL = 0;
				GCC_PREPROCESSOR_DEFINITIONS = (
					"DEBUG=1",
					"$(inherited)",
				);
				GCC_WARN_64_TO_32_BIT_CONVERSION = YES;
				GCC_WARN_ABOUT_RETURN_TYPE = YES_ERROR;
				GCC_WARN_UNDECLARED_SELECTOR = YES;
				GCC_WARN_UNINITIALIZED_AUTOS = YES_AGGRESSIVE;
				GCC_WARN_UNUSED_FUNCTION = YES;
				GCC_WARN_UNUSED_VARIABLE = YES;
				IPHONEOS_DEPLOYMENT_TARGET = 12.1;
				MTL_ENABLE_DEBUG_INFO = INCLUDE_SOURCE;
				MTL_FAST_MATH = YES;
				ONLY_ACTIVE_ARCH = YES;
				SDKROOT = iphoneos;
				SWIFT_ACTIVE_COMPILATION_CONDITIONS = DEBUG;
				SWIFT_OPTIMIZATION_LEVEL = "-Onone";
			};
			name = Debug;
		};
		391BB1AC2262583A00C18D67 /* Release */ = {
			isa = XCBuildConfiguration;
			buildSettings = {
				ALWAYS_SEARCH_USER_PATHS = NO;
				CLANG_ANALYZER_NONNULL = YES;
				CLANG_ANALYZER_NUMBER_OBJECT_CONVERSION = YES_AGGRESSIVE;
				CLANG_CXX_LANGUAGE_STANDARD = "gnu++14";
				CLANG_CXX_LIBRARY = "libc++";
				CLANG_ENABLE_MODULES = YES;
				CLANG_ENABLE_OBJC_ARC = YES;
				CLANG_ENABLE_OBJC_WEAK = YES;
				CLANG_WARN_BLOCK_CAPTURE_AUTORELEASING = YES;
				CLANG_WARN_BOOL_CONVERSION = YES;
				CLANG_WARN_COMMA = YES;
				CLANG_WARN_CONSTANT_CONVERSION = YES;
				CLANG_WARN_DEPRECATED_OBJC_IMPLEMENTATIONS = YES;
				CLANG_WARN_DIRECT_OBJC_ISA_USAGE = YES_ERROR;
				CLANG_WARN_DOCUMENTATION_COMMENTS = YES;
				CLANG_WARN_EMPTY_BODY = YES;
				CLANG_WARN_ENUM_CONVERSION = YES;
				CLANG_WARN_INFINITE_RECURSION = YES;
				CLANG_WARN_INT_CONVERSION = YES;
				CLANG_WARN_NON_LITERAL_NULL_CONVERSION = YES;
				CLANG_WARN_OBJC_IMPLICIT_RETAIN_SELF = YES;
				CLANG_WARN_OBJC_LITERAL_CONVERSION = YES;
				CLANG_WARN_OBJC_ROOT_CLASS = YES_ERROR;
				CLANG_WARN_RANGE_LOOP_ANALYSIS = YES;
				CLANG_WARN_STRICT_PROTOTYPES = YES;
				CLANG_WARN_SUSPICIOUS_MOVE = YES;
				CLANG_WARN_UNGUARDED_AVAILABILITY = YES_AGGRESSIVE;
				CLANG_WARN_UNREACHABLE_CODE = YES;
				CLANG_WARN__DUPLICATE_METHOD_MATCH = YES;
				CODE_SIGN_IDENTITY = "iPhone Developer";
				COPY_PHASE_STRIP = NO;
				DEBUG_INFORMATION_FORMAT = "dwarf-with-dsym";
				ENABLE_NS_ASSERTIONS = NO;
				ENABLE_STRICT_OBJC_MSGSEND = YES;
				GCC_C_LANGUAGE_STANDARD = gnu11;
				GCC_NO_COMMON_BLOCKS = YES;
				GCC_WARN_64_TO_32_BIT_CONVERSION = YES;
				GCC_WARN_ABOUT_RETURN_TYPE = YES_ERROR;
				GCC_WARN_UNDECLARED_SELECTOR = YES;
				GCC_WARN_UNINITIALIZED_AUTOS = YES_AGGRESSIVE;
				GCC_WARN_UNUSED_FUNCTION = YES;
				GCC_WARN_UNUSED_VARIABLE = YES;
				IPHONEOS_DEPLOYMENT_TARGET = 12.1;
				MTL_ENABLE_DEBUG_INFO = NO;
				MTL_FAST_MATH = YES;
				SDKROOT = iphoneos;
				SWIFT_COMPILATION_MODE = wholemodule;
				SWIFT_OPTIMIZATION_LEVEL = "-O";
				VALIDATE_PRODUCT = YES;
			};
			name = Release;
		};
		391BB1AE2262583A00C18D67 /* Debug */ = {
			isa = XCBuildConfiguration;
			buildSettings = {
				ASSETCATALOG_COMPILER_APPICON_NAME = AppIcon;
				CODE_SIGN_STYLE = Automatic;
				DEVELOPMENT_TEAM = N2RL4X9F93;
				INFOPLIST_FILE = TableViewLazyLoading/Info.plist;
				LD_RUNPATH_SEARCH_PATHS = (
					"$(inherited)",
					"@executable_path/Frameworks",
				);
				PRODUCT_BUNDLE_IDENTIFIER = com.berdil.TableViewLazyLoading;
				PRODUCT_NAME = "$(TARGET_NAME)";
				SWIFT_VERSION = 4.2;
				TARGETED_DEVICE_FAMILY = "1,2";
			};
			name = Debug;
		};
		391BB1AF2262583A00C18D67 /* Release */ = {
			isa = XCBuildConfiguration;
			buildSettings = {
				ASSETCATALOG_COMPILER_APPICON_NAME = AppIcon;
				CODE_SIGN_STYLE = Automatic;
				DEVELOPMENT_TEAM = N2RL4X9F93;
				INFOPLIST_FILE = TableViewLazyLoading/Info.plist;
				LD_RUNPATH_SEARCH_PATHS = (
					"$(inherited)",
					"@executable_path/Frameworks",
				);
				PRODUCT_BUNDLE_IDENTIFIER = com.berdil.TableViewLazyLoading;
				PRODUCT_NAME = "$(TARGET_NAME)";
				SWIFT_VERSION = 4.2;
				TARGETED_DEVICE_FAMILY = "1,2";
			};
			name = Release;
		};
/* End XCBuildConfiguration section */

/* Begin XCConfigurationList section */
		391BB1962262583900C18D67 /* Build configuration list for PBXProject "TableViewLazyLoading" */ = {
			isa = XCConfigurationList;
			buildConfigurations = (
				391BB1AB2262583A00C18D67 /* Debug */,
				391BB1AC2262583A00C18D67 /* Release */,
			);
			defaultConfigurationIsVisible = 0;
			defaultConfigurationName = Release;
		};
		391BB1AD2262583A00C18D67 /* Build configuration list for PBXNativeTarget "TableViewLazyLoading" */ = {
			isa = XCConfigurationList;
			buildConfigurations = (
				391BB1AE2262583A00C18D67 /* Debug */,
				391BB1AF2262583A00C18D67 /* Release */,
			);
			defaultConfigurationIsVisible = 0;
			defaultConfigurationName = Release;
		};
/* End XCConfigurationList section */
	};
	rootObject = 391BB1932262583900C18D67 /* Project object */;
}
