// !$*UTF8*$!
{
	archiveVersion = 1;
	classes = {
	};
	objectVersion = 50;
	objects = {

/* Begin PBXBuildFile section */
		39A19AFC21BC6AEB00C0DCBF /* AppDelegate.swift in Sources */ = {isa = PBXBuildFile; fileRef = 39A19AFB21BC6AEB00C0DCBF /* AppDelegate.swift */; };
		39A19AFE21BC6AEB00C0DCBF /* ViewController.swift in Sources */ = {isa = PBXBuildFile; fileRef = 39A19AFD21BC6AEB00C0DCBF /* ViewController.swift */; };
		39A19B0121BC6AEB00C0DCBF /* Main.storyboard in Resources */ = {isa = PBXBuildFile; fileRef = 39A19AFF21BC6AEB00C0DCBF /* Main.storyboard */; };
		39A19B0321BC6AEC00C0DCBF /* Assets.xcassets in Resources */ = {isa = PBXBuildFile; fileRef = 39A19B0221BC6AEC00C0DCBF /* Assets.xcassets */; };
		39A19B0621BC6AEC00C0DCBF /* LaunchScreen.storyboard in Resources */ = {isa = PBXBuildFile; fileRef = 39A19B0421BC6AEC00C0DCBF /* LaunchScreen.storyboard */; };
		39A19B0E21BC6CFA00C0DCBF /* Animations.swift in Sources */ = {isa = PBXBuildFile; fileRef = 39A19B0D21BC6CFA00C0DCBF /* Animations.swift */; };
/* End PBXBuildFile section */

/* Begin PBXFileReference section */
		39A19AF821BC6AEB00C0DCBF /* Button Animations.app */ = {isa = PBXFileReference; explicitFileType = wrapper.application; includeInIndex = 0; path = "Button Animations.app"; sourceTree = BUILT_PRODUCTS_DIR; };
		39A19AFB21BC6AEB00C0DCBF /* AppDelegate.swift */ = {isa = PBXFileReference; lastKnownFileType = sourcecode.swift; path = AppDelegate.swift; sourceTree = "<group>"; };
		39A19AFD21BC6AEB00C0DCBF /* ViewController.swift */ = {isa = PBXFileReference; lastKnownFileType = sourcecode.swift; path = ViewController.swift; sourceTree = "<group>"; };
		39A19B0021BC6AEB00C0DCBF /* Base */ = {isa = PBXFileReference; lastKnownFileType = file.storyboard; name = Base; path = Base.lproj/Main.storyboard; sourceTree = "<group>"; };
		39A19B0221BC6AEC00C0DCBF /* Assets.xcassets */ = {isa = PBXFileReference; lastKnownFileType = folder.assetcatalog; path = Assets.xcassets; sourceTree = "<group>"; };
		39A19B0521BC6AEC00C0DCBF /* Base */ = {isa = PBXFileReference; lastKnownFileType = file.storyboard; name = Base; path = Base.lproj/LaunchScreen.storyboard; sourceTree = "<group>"; };
		39A19B0721BC6AEC00C0DCBF /* Info.plist */ = {isa = PBXFileReference; lastKnownFileType = text.plist.xml; path = Info.plist; sourceTree = "<group>"; };
		39A19B0D21BC6CFA00C0DCBF /* Animations.swift */ = {isa = PBXFileReference; lastKnownFileType = sourcecode.swift; path = Animations.swift; sourceTree = "<group>"; };
/* End PBXFileReference section */

/* Begin PBXFrameworksBuildPhase section */
		39A19AF521BC6AEB00C0DCBF /* Frameworks */ = {
			isa = PBXFrameworksBuildPhase;
			buildActionMask = 2147483647;
			files = (
			);
			runOnlyForDeploymentPostprocessing = 0;
		};
/* End PBXFrameworksBuildPhase section */

/* Begin PBXGroup section */
		39A19AEF21BC6AEB00C0DCBF = {
			isa = PBXGroup;
			children = (
				39A19AFA21BC6AEB00C0DCBF /* Button Animations */,
				39A19AF921BC6AEB00C0DCBF /* Products */,
			);
			sourceTree = "<group>";
		};
		39A19AF921BC6AEB00C0DCBF /* Products */ = {
			isa = PBXGroup;
			children = (
				39A19AF821BC6AEB00C0DCBF /* Button Animations.app */,
			);
			name = Products;
			sourceTree = "<group>";
		};
		39A19AFA21BC6AEB00C0DCBF /* Button Animations */ = {
			isa = PBXGroup;
			children = (
				39A19AFB21BC6AEB00C0DCBF /* AppDelegate.swift */,
				39A19AFD21BC6AEB00C0DCBF /* ViewController.swift */,
				39A19AFF21BC6AEB00C0DCBF /* Main.storyboard */,
				39A19B0221BC6AEC00C0DCBF /* Assets.xcassets */,
				39A19B0421BC6AEC00C0DCBF /* LaunchScreen.storyboard */,
				39A19B0721BC6AEC00C0DCBF /* Info.plist */,
				39A19B0D21BC6CFA00C0DCBF /* Animations.swift */,
			);
			path = "Button Animations";
			sourceTree = "<group>";
		};
/* End PBXGroup section */

/* Begin PBXNativeTarget section */
		39A19AF721BC6AEB00C0DCBF /* Button Animations */ = {
			isa = PBXNativeTarget;
			buildConfigurationList = 39A19B0A21BC6AEC00C0DCBF /* Build configuration list for PBXNativeTarget "Button Animations" */;
			buildPhases = (
				39A19AF421BC6AEB00C0DCBF /* Sources */,
				39A19AF521BC6AEB00C0DCBF /* Frameworks */,
				39A19AF621BC6AEB00C0DCBF /* Resources */,
			);
			buildRules = (
			);
			dependencies = (
			);
			name = "Button Animations";
			productName = "Button Animations";
			productReference = 39A19AF821BC6AEB00C0DCBF /* Button Animations.app */;
			productType = "com.apple.product-type.application";
		};
/* End PBXNativeTarget section */

/* Begin PBXProject section */
		39A19AF021BC6AEB00C0DCBF /* Project object */ = {
			isa = PBXProject;
			attributes = {
				LastSwiftUpdateCheck = 1000;
				LastUpgradeCheck = 1000;
				ORGANIZATIONNAME = "Berdil İlyada Karacam";
				TargetAttributes = {
					39A19AF721BC6AEB00C0DCBF = {
						CreatedOnToolsVersion = 10.0;
					};
				};
			};
			buildConfigurationList = 39A19AF321BC6AEB00C0DCBF /* Build configuration list for PBXProject "Button Animations" */;
			compatibilityVersion = "Xcode 9.3";
			developmentRegion = en;
			hasScannedForEncodings = 0;
			knownRegions = (
				en,
				Base,
			);
			mainGroup = 39A19AEF21BC6AEB00C0DCBF;
			productRefGroup = 39A19AF921BC6AEB00C0DCBF /* Products */;
			projectDirPath = "";
			projectRoot = "";
			targets = (
				39A19AF721BC6AEB00C0DCBF /* Button Animations */,
			);
		};
/* End PBXProject section */

/* Begin PBXResourcesBuildPhase section */
		39A19AF621BC6AEB00C0DCBF /* Resources */ = {
			isa = PBXResourcesBuildPhase;
			buildActionMask = 2147483647;
			files = (
				39A19B0621BC6AEC00C0DCBF /* LaunchScreen.storyboard in Resources */,
				39A19B0321BC6AEC00C0DCBF /* Assets.xcassets in Resources */,
				39A19B0121BC6AEB00C0DCBF /* Main.storyboard in Resources */,
			);
			runOnlyForDeploymentPostprocessing = 0;
		};
/* End PBXResourcesBuildPhase section */

/* Begin PBXSourcesBuildPhase section */
		39A19AF421BC6AEB00C0DCBF /* Sources */ = {
			isa = PBXSourcesBuildPhase;
			buildActionMask = 2147483647;
			files = (
				39A19AFE21BC6AEB00C0DCBF /* ViewController.swift in Sources */,
				39A19AFC21BC6AEB00C0DCBF /* AppDelegate.swift in Sources */,
				39A19B0E21BC6CFA00C0DCBF /* Animations.swift in Sources */,
			);
			runOnlyForDeploymentPostprocessing = 0;
		};
/* End PBXSourcesBuildPhase section */

/* Begin PBXVariantGroup section */
		39A19AFF21BC6AEB00C0DCBF /* Main.storyboard */ = {
			isa = PBXVariantGroup;
			children = (
				39A19B0021BC6AEB00C0DCBF /* Base */,
			);
			name = Main.storyboard;
			sourceTree = "<group>";
		};
		39A19B0421BC6AEC00C0DCBF /* LaunchScreen.storyboard */ = {
			isa = PBXVariantGroup;
			children = (
				39A19B0521BC6AEC00C0DCBF /* Base */,
			);
			name = LaunchScreen.storyboard;
			sourceTree = "<group>";
		};
/* End PBXVariantGroup section */

/* Begin XCBuildConfiguration section */
		39A19B0821BC6AEC00C0DCBF /* Debug */ = {
			isa = XCBuildConfiguration;
			buildSettings = {
				ALWAYS_SEARCH_USER_PATHS = NO;
				CLANG_ANALYZER_NONNULL = YES;
				CLANG_ANALYZER_NUMBER_OBJECT_CONVERSION = YES_AGGRESSIVE;
				CLANG_CXX_LANGUAGE_STANDARD = "gnu++14";
				CLANG_CXX_LIBRARY = "libc++";
				CLANG_ENABLE_MODULES = YES;
				CLANG_ENABLE_OBJC_ARC = YES;
				CLANG_ENABLE_OBJC_WEAK = YES;
				CLANG_WARN_BLOCK_CAPTURE_AUTORELEASING = YES;
				CLANG_WARN_BOOL_CONVERSION = YES;
				CLANG_WARN_COMMA = YES;
				CLANG_WARN_CONSTANT_CONVERSION = YES;
				CLANG_WARN_DEPRECATED_OBJC_IMPLEMENTATIONS = YES;
				CLANG_WARN_DIRECT_OBJC_ISA_USAGE = YES_ERROR;
				CLANG_WARN_DOCUMENTATION_COMMENTS = YES;
				CLANG_WARN_EMPTY_BODY = YES;
				CLANG_WARN_ENUM_CONVERSION = YES;
				CLANG_WARN_INFINITE_RECURSION = YES;
				CLANG_WARN_INT_CONVERSION = YES;
				CLANG_WARN_NON_LITERAL_NULL_CONVERSION = YES;
				CLANG_WARN_OBJC_IMPLICIT_RETAIN_SELF = YES;
				CLANG_WARN_OBJC_LITERAL_CONVERSION = YES;
				CLANG_WARN_OBJC_ROOT_CLASS = YES_ERROR;
				CLANG_WARN_RANGE_LOOP_ANALYSIS = YES;
				CLANG_WARN_STRICT_PROTOTYPES = YES;
				CLANG_WARN_SUSPICIOUS_MOVE = YES;
				CLANG_WARN_UNGUARDED_AVAILABILITY = YES_AGGRESSIVE;
				CLANG_WARN_UNREACHABLE_CODE = YES;
				CLANG_WARN__DUPLICATE_METHOD_MATCH = YES;
				CODE_SIGN_IDENTITY = "iPhone Developer";
				COPY_PHASE_STRIP = NO;
				DEBUG_INFORMATION_FORMAT = dwarf;
				ENABLE_STRICT_OBJC_MSGSEND = YES;
				ENABLE_TESTABILITY = YES;
				GCC_C_LANGUAGE_STANDARD = gnu11;
				GCC_DYNAMIC_NO_PIC = NO;
				GCC_NO_COMMON_BLOCKS = YES;
				GCC_OPTIMIZATION_LEVEL = 0;
				GCC_PREPROCESSOR_DEFINITIONS = (
					"DEBUG=1",
					"$(inherited)",
				);
				GCC_WARN_64_TO_32_BIT_CONVERSION = YES;
				GCC_WARN_ABOUT_RETURN_TYPE = YES_ERROR;
				GCC_WARN_UNDECLARED_SELECTOR = YES;
				GCC_WARN_UNINITIALIZED_AUTOS = YES_AGGRESSIVE;
				GCC_WARN_UNUSED_FUNCTION = YES;
				GCC_WARN_UNUSED_VARIABLE = YES;
				IPHONEOS_DEPLOYMENT_TARGET = 12.0;
				MTL_ENABLE_DEBUG_INFO = INCLUDE_SOURCE;
				MTL_FAST_MATH = YES;
				ONLY_ACTIVE_ARCH = YES;
				SDKROOT = iphoneos;
				SWIFT_ACTIVE_COMPILATION_CONDITIONS = DEBUG;
				SWIFT_OPTIMIZATION_LEVEL = "-Onone";
			};
			name = Debug;
		};
		39A19B0921BC6AEC00C0DCBF /* Release */ = {
			isa = XCBuildConfiguration;
			buildSettings = {
				ALWAYS_SEARCH_USER_PATHS = NO;
				CLANG_ANALYZER_NONNULL = YES;
				CLANG_ANALYZER_NUMBER_OBJECT_CONVERSION = YES_AGGRESSIVE;
				CLANG_CXX_LANGUAGE_STANDARD = "gnu++14";
				CLANG_CXX_LIBRARY = "libc++";
				CLANG_ENABLE_MODULES = YES;
				CLANG_ENABLE_OBJC_ARC = YES;
				CLANG_ENABLE_OBJC_WEAK = YES;
				CLANG_WARN_BLOCK_CAPTURE_AUTORELEASING = YES;
				CLANG_WARN_BOOL_CONVERSION = YES;
				CLANG_WARN_COMMA = YES;
				CLANG_WARN_CONSTANT_CONVERSION = YES;
				CLANG_WARN_DEPRECATED_OBJC_IMPLEMENTATIONS = YES;
				CLANG_WARN_DIRECT_OBJC_ISA_USAGE = YES_ERROR;
				CLANG_WARN_DOCUMENTATION_COMMENTS = YES;
				CLANG_WARN_EMPTY_BODY = YES;
				CLANG_WARN_ENUM_CONVERSION = YES;
				CLANG_WARN_INFINITE_RECURSION = YES;
				CLANG_WARN_INT_CONVERSION = YES;
				CLANG_WARN_NON_LITERAL_NULL_CONVERSION = YES;
				CLANG_WARN_OBJC_IMPLICIT_RETAIN_SELF = YES;
				CLANG_WARN_OBJC_LITERAL_CONVERSION = YES;
				CLANG_WARN_OBJC_ROOT_CLASS = YES_ERROR;
				CLANG_WARN_RANGE_LOOP_ANALYSIS = YES;
				CLANG_WARN_STRICT_PROTOTYPES = YES;
				CLANG_WARN_SUSPICIOUS_MOVE = YES;
				CLANG_WARN_UNGUARDED_AVAILABILITY = YES_AGGRESSIVE;
				CLANG_WARN_UNREACHABLE_CODE = YES;
				CLANG_WARN__DUPLICATE_METHOD_MATCH = YES;
				CODE_SIGN_IDENTITY = "iPhone Developer";
				COPY_PHASE_STRIP = NO;
				DEBUG_INFORMATION_FORMAT = "dwarf-with-dsym";
				ENABLE_NS_ASSERTIONS = NO;
				ENABLE_STRICT_OBJC_MSGSEND = YES;
				GCC_C_LANGUAGE_STANDARD = gnu11;
				GCC_NO_COMMON_BLOCKS = YES;
				GCC_WARN_64_TO_32_BIT_CONVERSION = YES;
				GCC_WARN_ABOUT_RETURN_TYPE = YES_ERROR;
				GCC_WARN_UNDECLARED_SELECTOR = YES;
				GCC_WARN_UNINITIALIZED_AUTOS = YES_AGGRESSIVE;
				GCC_WARN_UNUSED_FUNCTION = YES;
				GCC_WARN_UNUSED_VARIABLE = YES;
				IPHONEOS_DEPLOYMENT_TARGET = 12.0;
				MTL_ENABLE_DEBUG_INFO = NO;
				MTL_FAST_MATH = YES;
				SDKROOT = iphoneos;
				SWIFT_COMPILATION_MODE = wholemodule;
				SWIFT_OPTIMIZATION_LEVEL = "-O";
				VALIDATE_PRODUCT = YES;
			};
			name = Release;
		};
		39A19B0B21BC6AEC00C0DCBF /* Debug */ = {
			isa = XCBuildConfiguration;
			buildSettings = {
				ASSETCATALOG_COMPILER_APPICON_NAME = AppIcon;
				CODE_SIGN_STYLE = Automatic;
				DEVELOPMENT_TEAM = N2RL4X9F93;
				INFOPLIST_FILE = "Button Animations/Info.plist";
				LD_RUNPATH_SEARCH_PATHS = (
					"$(inherited)",
					"@executable_path/Frameworks",
				);
				PRODUCT_BUNDLE_IDENTIFIER = "com.ilyadaberdil.Button-Animations";
				PRODUCT_NAME = "$(TARGET_NAME)";
				SWIFT_VERSION = 4.2;
				TARGETED_DEVICE_FAMILY = "1,2";
			};
			name = Debug;
		};
		39A19B0C21BC6AEC00C0DCBF /* Release */ = {
			isa = XCBuildConfiguration;
			buildSettings = {
				ASSETCATALOG_COMPILER_APPICON_NAME = AppIcon;
				CODE_SIGN_STYLE = Automatic;
				DEVELOPMENT_TEAM = N2RL4X9F93;
				INFOPLIST_FILE = "Button Animations/Info.plist";
				LD_RUNPATH_SEARCH_PATHS = (
					"$(inherited)",
					"@executable_path/Frameworks",
				);
				PRODUCT_BUNDLE_IDENTIFIER = "com.ilyadaberdil.Button-Animations";
				PRODUCT_NAME = "$(TARGET_NAME)";
				SWIFT_VERSION = 4.2;
				TARGETED_DEVICE_FAMILY = "1,2";
			};
			name = Release;
		};
/* End XCBuildConfiguration section */

/* Begin XCConfigurationList section */
		39A19AF321BC6AEB00C0DCBF /* Build configuration list for PBXProject "Button Animations" */ = {
			isa = XCConfigurationList;
			buildConfigurations = (
				39A19B0821BC6AEC00C0DCBF /* Debug */,
				39A19B0921BC6AEC00C0DCBF /* Release */,
			);
			defaultConfigurationIsVisible = 0;
			defaultConfigurationName = Release;
		};
		39A19B0A21BC6AEC00C0DCBF /* Build configuration list for PBXNativeTarget "Button Animations" */ = {
			isa = XCConfigurationList;
			buildConfigurations = (
				39A19B0B21BC6AEC00C0DCBF /* Debug */,
				39A19B0C21BC6AEC00C0DCBF /* Release */,
			);
			defaultConfigurationIsVisible = 0;
			defaultConfigurationName = Release;
		};
/* End XCConfigurationList section */
	};
	rootObject = 39A19AF021BC6AEB00C0DCBF /* Project object */;
}
